
Microsoft Visual Studio Solution File, Format Version 12.00
# Visual Studio Version 17
VisualStudioVersion = 17.9.34728.123
MinimumVisualStudioVersion = 10.0.40219.1
Project("{FAE04EC0-301F-11D3-BF4B-00C04F79EFBC}") = "Appointr", "Appointr.csproj", "{C1D710D8-827E-49F2-A5FD-EB394C8DCD2D}"
EndProject
Global
	GlobalSection(SolutionConfigurationPlatforms) = preSolution
		Debug|Any CPU = Debug|Any CPU
		Release|Any CPU = Release|Any CPU
	EndGlobalSection
	GlobalSection(ProjectConfigurationPlatforms) = postSolution
		{C1D710D8-827E-49F2-A5FD-EB394C8DCD2D}.Debug|Any CPU.ActiveCfg = Debug|Any CPU
		{C1D710D8-827E-49F2-A5FD-EB394C8DCD2D}.Debug|Any CPU.Build.0 = Debug|Any CPU
		{C1D710D8-827E-49F2-A5FD-EB394C8DCD2D}.Release|Any CPU.ActiveCfg = Release|Any CPU
		{C1D710D8-827E-49F2-A5FD-EB394C8DCD2D}.Release|Any CPU.Build.0 = Release|Any CPU
	EndGlobalSection
	GlobalSection(SolutionProperties) = preSolution
		HideSolutionNode = FALSE
	EndGlobalSection
	GlobalSection(ExtensibilityGlobals) = postSolution
		SolutionGuid = {E12391E7-18AA-4A4F-A4BC-1C26AA2B8C52}
	EndGlobalSection
EndGlobal
